{
  "object": {
    "pins": [
      {
        "package": "ReMVVM",
        "repositoryURL": "https://github.com/ReMVVM/ReMVVM",
        "state": {
          "branch": null,
          "revision": "9b3ff26dc8890c3b153599410044d9d72cc68cfd",
          "version": "3.0.0"
        }
      },
      {
        "package": "RxSwift",
        "repositoryURL": "https://github.com/ReactiveX/RxSwift",
        "state": {
          "branch": null,
          "revision": "7c17a6ccca06b5c107cfa4284e634562ddaf5951",
          "version": "6.2.0"
        }
      }
    ]
  },
  "version": 1
}
